
Microsoft Visual Studio Solution File, Format Version 12.00
# Visual Studio Version 17
VisualStudioVersion = 17.0.31903.59
MinimumVisualStudioVersion = 10.0.40219.1
Project("{FAE04EC0-301F-11D3-BF4B-00C04F79EFBC}") = "Server", "Server\Server.csproj", "{C2835F4F-66D3-4EEA-86A6-BC80BC5B0FA2}"
EndProject
Project("{FAE04EC0-301F-11D3-BF4B-00C04F79EFBC}") = "Server.Tests", "Server.Tests\Server.Tests.csproj", "{ACEB43CD-8081-4D7D-B977-43568676B525}"
EndProject
Global
	GlobalSection(SolutionConfigurationPlatforms) = preSolution
		Debug|Any CPU = Debug|Any CPU
		Release|Any CPU = Release|Any CPU
	EndGlobalSection
	GlobalSection(SolutionProperties) = preSolution
		HideSolutionNode = FALSE
	EndGlobalSection
	GlobalSection(ProjectConfigurationPlatforms) = postSolution
		{C2835F4F-66D3-4EEA-86A6-BC80BC5B0FA2}.Debug|Any CPU.ActiveCfg = Debug|Any CPU
		{C2835F4F-66D3-4EEA-86A6-BC80BC5B0FA2}.Debug|Any CPU.Build.0 = Debug|Any CPU
		{C2835F4F-66D3-4EEA-86A6-BC80BC5B0FA2}.Release|Any CPU.ActiveCfg = Release|Any CPU
		{C2835F4F-66D3-4EEA-86A6-BC80BC5B0FA2}.Release|Any CPU.Build.0 = Release|Any CPU
		{ACEB43CD-8081-4D7D-B977-43568676B525}.Debug|Any CPU.ActiveCfg = Debug|Any CPU
		{ACEB43CD-8081-4D7D-B977-43568676B525}.Debug|Any CPU.Build.0 = Debug|Any CPU
		{ACEB43CD-8081-4D7D-B977-43568676B525}.Release|Any CPU.ActiveCfg = Release|Any CPU
		{ACEB43CD-8081-4D7D-B977-43568676B525}.Release|Any CPU.Build.0 = Release|Any CPU
	EndGlobalSection
EndGlobal
